
Microsoft Visual Studio Solution File, Format Version 12.00
# Visual Studio 15
VisualStudioVersion = 15.0.26124.0
MinimumVisualStudioVersion = 15.0.26124.0
Project("{FAE04EC0-301F-11D3-BF4B-00C04F79EFBC}") = "dcp-017", "dcp-017\dcp-017.csproj", "{340EE2F1-B143-49B3-803E-4297E76430FF}"
EndProject
Project("{FAE04EC0-301F-11D3-BF4B-00C04F79EFBC}") = "dcp-017.Test", "dcp-017.Test\dcp-017.Test.csproj", "{0F94BFED-BDCE-432F-8F07-527D9A30B589}"
EndProject
Global
	GlobalSection(SolutionConfigurationPlatforms) = preSolution
		Debug|Any CPU = Debug|Any CPU
		Debug|x64 = Debug|x64
		Debug|x86 = Debug|x86
		Release|Any CPU = Release|Any CPU
		Release|x64 = Release|x64
		Release|x86 = Release|x86
	EndGlobalSection
	GlobalSection(SolutionProperties) = preSolution
		HideSolutionNode = FALSE
	EndGlobalSection
	GlobalSection(ProjectConfigurationPlatforms) = postSolution
		{340EE2F1-B143-49B3-803E-4297E76430FF}.Debug|Any CPU.ActiveCfg = Debug|Any CPU
		{340EE2F1-B143-49B3-803E-4297E76430FF}.Debug|Any CPU.Build.0 = Debug|Any CPU
		{340EE2F1-B143-49B3-803E-4297E76430FF}.Debug|x64.ActiveCfg = Debug|Any CPU
		{340EE2F1-B143-49B3-803E-4297E76430FF}.Debug|x64.Build.0 = Debug|Any CPU
		{340EE2F1-B143-49B3-803E-4297E76430FF}.Debug|x86.ActiveCfg = Debug|Any CPU
		{340EE2F1-B143-49B3-803E-4297E76430FF}.Debug|x86.Build.0 = Debug|Any CPU
		{340EE2F1-B143-49B3-803E-4297E76430FF}.Release|Any CPU.ActiveCfg = Release|Any CPU
		{340EE2F1-B143-49B3-803E-4297E76430FF}.Release|Any CPU.Build.0 = Release|Any CPU
		{340EE2F1-B143-49B3-803E-4297E76430FF}.Release|x64.ActiveCfg = Release|Any CPU
		{340EE2F1-B143-49B3-803E-4297E76430FF}.Release|x64.Build.0 = Release|Any CPU
		{340EE2F1-B143-49B3-803E-4297E76430FF}.Release|x86.ActiveCfg = Release|Any CPU
		{340EE2F1-B143-49B3-803E-4297E76430FF}.Release|x86.Build.0 = Release|Any CPU
		{0F94BFED-BDCE-432F-8F07-527D9A30B589}.Debug|Any CPU.ActiveCfg = Debug|Any CPU
		{0F94BFED-BDCE-432F-8F07-527D9A30B589}.Debug|Any CPU.Build.0 = Debug|Any CPU
		{0F94BFED-BDCE-432F-8F07-527D9A30B589}.Debug|x64.ActiveCfg = Debug|Any CPU
		{0F94BFED-BDCE-432F-8F07-527D9A30B589}.Debug|x64.Build.0 = Debug|Any CPU
		{0F94BFED-BDCE-432F-8F07-527D9A30B589}.Debug|x86.ActiveCfg = Debug|Any CPU
		{0F94BFED-BDCE-432F-8F07-527D9A30B589}.Debug|x86.Build.0 = Debug|Any CPU
		{0F94BFED-BDCE-432F-8F07-527D9A30B589}.Release|Any CPU.ActiveCfg = Release|Any CPU
		{0F94BFED-BDCE-432F-8F07-527D9A30B589}.Release|Any CPU.Build.0 = Release|Any CPU
		{0F94BFED-BDCE-432F-8F07-527D9A30B589}.Release|x64.ActiveCfg = Release|Any CPU
		{0F94BFED-BDCE-432F-8F07-527D9A30B589}.Release|x64.Build.0 = Release|Any CPU
		{0F94BFED-BDCE-432F-8F07-527D9A30B589}.Release|x86.ActiveCfg = Release|Any CPU
		{0F94BFED-BDCE-432F-8F07-527D9A30B589}.Release|x86.Build.0 = Release|Any CPU
	EndGlobalSection
EndGlobal
